<?xml version="1.0" encoding="UTF-8" standalone="yes" ?>
<CodeBlocks_project_file>
	<FileVersion major="1" minor="6" />
	<Project>
		<Option title="PAFT" />
		<Option pch_mode="2" />
		<Option compiler="gcc" />
		<Build>
			<Target title="Release">
				<Option output="bin/Release/PAFT" prefix_auto="1" extension_auto="1" />
				<Option object_output="obj/Release/" />
				<Option type="1" />
				<Option compiler="gcc" />
				<Compiler>
					<Add option="-O2" />
					<Add directory="include" />
				</Compiler>
				<Linker>
					<Add option="-s" />
				</Linker>
			</Target>
		</Build>
		<Compiler>
			<Add option="-Wall" />
		</Compiler>
		<Linker>
			<Add option="-lws2_32" />
		</Linker>
		<Unit filename="Main.cpp" />
		<Unit filename="src/Client/CLI_Functions.cpp" />
		<Unit filename="src/Client/CLI_Functions.h" />
		<Unit filename="src/Client/Main_CLI.cpp" />
		<Unit filename="src/Client/Main_CLI.h" />
		<Unit filename="src/Client/Main_Client.cpp" />
		<Unit filename="src/Client/Main_Client.h" />
		<Unit filename="src/Client/Major_Functions.cpp" />
		<Unit filename="src/Client/Major_Functions.h" />
		<Unit filename="src/Client/Minor_Functions.cpp" />
		<Unit filename="src/Client/Minor_Functions.h" />
		<Unit filename="src/DHT/DHT.cpp" />
		<Unit filename="src/DHT/DHT.h" />
		<Unit filename="src/DHT/DHT_Access.cpp" />
		<Unit filename="src/DHT/DHT_Access.h" />
		<Unit filename="src/DHT/DHT_Lookup.cpp" />
		<Unit filename="src/DHT/DHT_Lookup.h" />
		<Unit filename="src/DHT/DHT_Updater.cpp" />
		<Unit filename="src/DHT/DHT_Updater.h" />
		<Unit filename="src/FileIO/File_Functions.cpp" />
		<Unit filename="src/FileIO/File_Functions.h" />
		<Unit filename="src/FileIO/Linked_List.cpp" />
		<Unit filename="src/FileIO/Linked_List.h" />
		<Unit filename="src/FileIO/Meta_Files.cpp" />
		<Unit filename="src/FileIO/Meta_Files.h" />
		<Unit filename="src/FileIO/SHA_256.cpp" />
		<Unit filename="src/FileIO/SHA_256.h" />
		<Unit filename="src/Server/Connection.cpp" />
		<Unit filename="src/Server/Connection.h" />
		<Unit filename="src/Server/Main_Server.cpp" />
		<Unit filename="src/Server/Main_Server.h" />
		<Unit filename="src/UnitTests/DHT/DHT_TESTS.cpp" />
		<Unit filename="src/UnitTests/DHT/DHT_TESTS.h" />
		<Unit filename="src/UnitTests/MainUnitTests.cpp" />
		<Unit filename="src/UnitTests/MainUnitTests.h" />
		<Extensions />
	</Project>
</CodeBlocks_project_file>
