<?xml version="1.0" encoding="UTF-8" standalone="yes" ?>
<CodeBlocks_project_file>
	<FileVersion major="1" minor="6" />
	<Project>
		<Option title="PAFT" />
		<Option pch_mode="2" />
		<Option compiler="gcc" />
		<Build>
			<Target title="Release">
				<Option output="bin/Release/PAFT" prefix_auto="1" extension_auto="1" />
				<Option object_output="obj/Release/" />
				<Option type="1" />
				<Option compiler="gcc" />
				<Compiler>
					<Add option="-O2" />
				</Compiler>
				<Linker>
					<Add option="-s" />
				</Linker>
			</Target>
		</Build>
		<Compiler>
			<Add option="-Wall" />
		</Compiler>
		<Unit filename="Main.cpp" />
		<Unit filename="include/DHT.h" />
		<Unit filename="include/MainCLI.h" />
		<Unit filename="include/MainClient.h">
			<Option target="&lt;{~None~}&gt;" />
		</Unit>
		<Unit filename="include/MainServer.h" />
		<Unit filename="include/Main_Client.h" />
		<Unit filename="include/Self_Tests.h">
			<Option target="&lt;{~None~}&gt;" />
		</Unit>
		<Unit filename="include/Threads.h">
			<Option target="&lt;{~None~}&gt;" />
		</Unit>
		<Unit filename="src/DHT.cpp" />
		<Unit filename="src/MainCLI.cpp" />
		<Unit filename="src/MainClient.cpp">
			<Option target="&lt;{~None~}&gt;" />
		</Unit>
		<Unit filename="src/MainServer.cpp" />
		<Unit filename="src/Main_Client.cpp" />
		<Unit filename="src/Self_Tests.cpp">
			<Option target="&lt;{~None~}&gt;" />
		</Unit>
		<Unit filename="src/Threads.cpp">
			<Option target="&lt;{~None~}&gt;" />
		</Unit>
		<Extensions />
	</Project>
</CodeBlocks_project_file>
